{
  "name": "@digitalsubstrate/dsviper-query",
  "version": "0.1.0",
  "lockfileVersion": 3,
  "requires": true,
  "packages": {
    "": {
      "name": "@digitalsubstrate/dsviper-query",
      "version": "0.1.0",
      "license": "MIT",
      "engines": {
        "node": ">=22"
      },
      "peerDependencies": {
        "@digitalsubstrate/dsviper": ">=1.2.2"
      }
    }
  }
}
